
Microsoft Visual Studio Solution File, Format Version 12.00
# Visual Studio Version 16
VisualStudioVersion = 16.0.32802.440
MinimumVisualStudioVersion = 10.0.40219.1
Project("{FAE04EC0-301F-11D3-BF4B-00C04F79EFBC}") = "TrabalhoMultForm", "TrabalhoMultForm\TrabalhoMultForm.csproj", "{1A6B168F-7E27-4BD8-9C17-CF106967EC6B}"
EndProject
Global
	GlobalSection(SolutionConfigurationPlatforms) = preSolution
		Debug|Any CPU = Debug|Any CPU
		Release|Any CPU = Release|Any CPU
	EndGlobalSection
	GlobalSection(ProjectConfigurationPlatforms) = postSolution
		{1A6B168F-7E27-4BD8-9C17-CF106967EC6B}.Debug|Any CPU.ActiveCfg = Debug|Any CPU
		{1A6B168F-7E27-4BD8-9C17-CF106967EC6B}.Debug|Any CPU.Build.0 = Debug|Any CPU
		{1A6B168F-7E27-4BD8-9C17-CF106967EC6B}.Release|Any CPU.ActiveCfg = Release|Any CPU
		{1A6B168F-7E27-4BD8-9C17-CF106967EC6B}.Release|Any CPU.Build.0 = Release|Any CPU
	EndGlobalSection
	GlobalSection(SolutionProperties) = preSolution
		HideSolutionNode = FALSE
	EndGlobalSection
	GlobalSection(ExtensibilityGlobals) = postSolution
		SolutionGuid = {F81E8144-A9F4-4D16-A757-DCF671D372E4}
	EndGlobalSection
EndGlobal
